
Microsoft Visual Studio Solution File, Format Version 12.00
# Visual Studio 15
VisualStudioVersion = 15.0.26430.16
MinimumVisualStudioVersion = 10.0.40219.1
Project("{FAE04EC0-301F-11D3-BF4B-00C04F79EFBC}") = "Helpers", "Helpers\Helpers.csproj", "{C1E4ED3B-147C-4F7C-8F78-007ABB3ACF3A}"
EndProject
Project("{FAE04EC0-301F-11D3-BF4B-00C04F79EFBC}") = "PiP-Tool", "PiP-Tool\PiP-Tool.csproj", "{577FC2BB-C730-4649-9641-B00860EDF0B8}"
EndProject
Project("{FAE04EC0-301F-11D3-BF4B-00C04F79EFBC}") = "TestConsole", "TestConsole\TestConsole.csproj", "{0A94B76E-7EAB-4ED4-8B0A-659C1E69EF54}"
EndProject
Global
	GlobalSection(SolutionConfigurationPlatforms) = preSolution
		Debug|Any CPU = Debug|Any CPU
		Release|Any CPU = Release|Any CPU
	EndGlobalSection
	GlobalSection(ProjectConfigurationPlatforms) = postSolution
		{C1E4ED3B-147C-4F7C-8F78-007ABB3ACF3A}.Debug|Any CPU.ActiveCfg = Debug|Any CPU
		{C1E4ED3B-147C-4F7C-8F78-007ABB3ACF3A}.Debug|Any CPU.Build.0 = Debug|Any CPU
		{C1E4ED3B-147C-4F7C-8F78-007ABB3ACF3A}.Release|Any CPU.ActiveCfg = Release|Any CPU
		{C1E4ED3B-147C-4F7C-8F78-007ABB3ACF3A}.Release|Any CPU.Build.0 = Release|Any CPU
		{577FC2BB-C730-4649-9641-B00860EDF0B8}.Debug|Any CPU.ActiveCfg = Debug|Any CPU
		{577FC2BB-C730-4649-9641-B00860EDF0B8}.Debug|Any CPU.Build.0 = Debug|Any CPU
		{577FC2BB-C730-4649-9641-B00860EDF0B8}.Release|Any CPU.ActiveCfg = Release|Any CPU
		{577FC2BB-C730-4649-9641-B00860EDF0B8}.Release|Any CPU.Build.0 = Release|Any CPU
		{0A94B76E-7EAB-4ED4-8B0A-659C1E69EF54}.Debug|Any CPU.ActiveCfg = Debug|Any CPU
		{0A94B76E-7EAB-4ED4-8B0A-659C1E69EF54}.Debug|Any CPU.Build.0 = Debug|Any CPU
		{0A94B76E-7EAB-4ED4-8B0A-659C1E69EF54}.Release|Any CPU.ActiveCfg = Release|Any CPU
		{0A94B76E-7EAB-4ED4-8B0A-659C1E69EF54}.Release|Any CPU.Build.0 = Release|Any CPU
	EndGlobalSection
	GlobalSection(SolutionProperties) = preSolution
		HideSolutionNode = FALSE
	EndGlobalSection
EndGlobal
