
Microsoft Visual Studio Solution File, Format Version 12.00
# Visual Studio 15
VisualStudioVersion = 15.0.27703.2000
MinimumVisualStudioVersion = 10.0.40219.1
Project("{FAE04EC0-301F-11D3-BF4B-00C04F79EFBC}") = "PiP-Tool", "PiP-Tool\PiP-Tool.csproj", "{51558263-F5AD-4990-869B-48B3FA8E1AA9}"
EndProject
Project("{FAE04EC0-301F-11D3-BF4B-00C04F79EFBC}") = "AppLst", "AppLst\AppLst.csproj", "{ECEBC47E-6BDD-461E-8DF1-90FEDF6CB3BD}"
EndProject
Project("{FAE04EC0-301F-11D3-BF4B-00C04F79EFBC}") = "WinAPI", "WinAPI\WinAPI.csproj", "{C1372958-A9C1-4FBB-A55C-1C614D9C2EAF}"
EndProject
Global
	GlobalSection(SolutionConfigurationPlatforms) = preSolution
		Debug|Any CPU = Debug|Any CPU
		Release|Any CPU = Release|Any CPU
	EndGlobalSection
	GlobalSection(ProjectConfigurationPlatforms) = postSolution
		{51558263-F5AD-4990-869B-48B3FA8E1AA9}.Debug|Any CPU.ActiveCfg = Debug|Any CPU
		{51558263-F5AD-4990-869B-48B3FA8E1AA9}.Debug|Any CPU.Build.0 = Debug|Any CPU
		{51558263-F5AD-4990-869B-48B3FA8E1AA9}.Release|Any CPU.ActiveCfg = Release|Any CPU
		{51558263-F5AD-4990-869B-48B3FA8E1AA9}.Release|Any CPU.Build.0 = Release|Any CPU
		{ECEBC47E-6BDD-461E-8DF1-90FEDF6CB3BD}.Debug|Any CPU.ActiveCfg = Debug|Any CPU
		{ECEBC47E-6BDD-461E-8DF1-90FEDF6CB3BD}.Debug|Any CPU.Build.0 = Debug|Any CPU
		{ECEBC47E-6BDD-461E-8DF1-90FEDF6CB3BD}.Release|Any CPU.ActiveCfg = Release|Any CPU
		{ECEBC47E-6BDD-461E-8DF1-90FEDF6CB3BD}.Release|Any CPU.Build.0 = Release|Any CPU
		{C1372958-A9C1-4FBB-A55C-1C614D9C2EAF}.Debug|Any CPU.ActiveCfg = Debug|Any CPU
		{C1372958-A9C1-4FBB-A55C-1C614D9C2EAF}.Debug|Any CPU.Build.0 = Debug|Any CPU
		{C1372958-A9C1-4FBB-A55C-1C614D9C2EAF}.Release|Any CPU.ActiveCfg = Release|Any CPU
		{C1372958-A9C1-4FBB-A55C-1C614D9C2EAF}.Release|Any CPU.Build.0 = Release|Any CPU
	EndGlobalSection
	GlobalSection(SolutionProperties) = preSolution
		HideSolutionNode = FALSE
	EndGlobalSection
	GlobalSection(ExtensibilityGlobals) = postSolution
		SolutionGuid = {63FCABB1-1EAF-47AE-8B64-63F1CBC740A1}
	EndGlobalSection
EndGlobal
